
Microsoft Visual Studio Solution File, Format Version 12.00
Project("{FAE04EC0-301F-11D3-BF4B-00C04F79EFBC}") = "API", "API\API.csproj", "{D5471D8D-F60F-4F66-A4B9-B817F5FB0E61}"
EndProject
Project("{FAE04EC0-301F-11D3-BF4B-00C04F79EFBC}") = "Courses", "Courses\Courses.csproj", "{D64D5E59-FEE6-48F7-B08A-6DA3715BD247}"
EndProject
Project("{FAE04EC0-301F-11D3-BF4B-00C04F79EFBC}") = "Infrastructure", "Infrastructure\Infrastructure.csproj", "{C5A54EF9-F4EF-4706-BB53-AB2D459AABAA}"
EndProject
Project("{FAE04EC0-301F-11D3-BF4B-00C04F79EFBC}") = "Core", "Core\Core.csproj", "{8CE0B48D-5189-46B7-B566-9FFFCFFA6E44}"
EndProject
Project("{FAE04EC0-301F-11D3-BF4B-00C04F79EFBC}") = "Contracts", "Contracts\Contracts.csproj", "{6380DA6E-ECF4-4A2B-936F-AAF6C427E123}"
EndProject
Project("{FAE04EC0-301F-11D3-BF4B-00C04F79EFBC}") = "BlockEngine", "BlockEngine\BlockEngine.csproj", "{4C43ED32-0BB6-4E71-ADEE-D54526CA8007}"
EndProject
Project("{FAE04EC0-301F-11D3-BF4B-00C04F79EFBC}") = "Auth", "Auth\Auth.csproj", "{C4C697C7-FA03-49DB-BAF0-4EB3039E1907}"
EndProject
Project("{FAE04EC0-301F-11D3-BF4B-00C04F79EFBC}") = "Users", "Users\Users.csproj", "{00660124-8F00-4D2E-888A-90FCD1D3DAE3}"
EndProject
Project("{FAE04EC0-301F-11D3-BF4B-00C04F79EFBC}") = "Coordinator", "Coordinator\Coordinator.csproj", "{1C339D62-6AF0-4B87-84B5-EE649893C971}"
EndProject
Project("{FAE04EC0-301F-11D3-BF4B-00C04F79EFBC}") = "Tracking", "Tracking\Tracking.csproj", "{2EAA871E-D642-4F0D-BC82-97E2D2167068}"
EndProject
Project("{FAE04EC0-301F-11D3-BF4B-00C04F79EFBC}") = "Progress", "Progress\Progress.csproj", "{C4C0C450-F315-460A-94E0-9CB87F606651}"
EndProject
Project("{FAE04EC0-301F-11D3-BF4B-00C04F79EFBC}") = "Groups", "Groups\Groups.csproj", "{D6D34536-7D27-41A2-A9D3-511E9E059B6D}"
EndProject
Global
	GlobalSection(SolutionConfigurationPlatforms) = preSolution
		Debug|Any CPU = Debug|Any CPU
		Release|Any CPU = Release|Any CPU
	EndGlobalSection
	GlobalSection(ProjectConfigurationPlatforms) = postSolution
		{D5471D8D-F60F-4F66-A4B9-B817F5FB0E61}.Debug|Any CPU.ActiveCfg = Debug|Any CPU
		{D5471D8D-F60F-4F66-A4B9-B817F5FB0E61}.Debug|Any CPU.Build.0 = Debug|Any CPU
		{D5471D8D-F60F-4F66-A4B9-B817F5FB0E61}.Release|Any CPU.ActiveCfg = Release|Any CPU
		{D5471D8D-F60F-4F66-A4B9-B817F5FB0E61}.Release|Any CPU.Build.0 = Release|Any CPU
		{D64D5E59-FEE6-48F7-B08A-6DA3715BD247}.Debug|Any CPU.ActiveCfg = Debug|Any CPU
		{D64D5E59-FEE6-48F7-B08A-6DA3715BD247}.Debug|Any CPU.Build.0 = Debug|Any CPU
		{D64D5E59-FEE6-48F7-B08A-6DA3715BD247}.Release|Any CPU.ActiveCfg = Release|Any CPU
		{D64D5E59-FEE6-48F7-B08A-6DA3715BD247}.Release|Any CPU.Build.0 = Release|Any CPU
		{C5A54EF9-F4EF-4706-BB53-AB2D459AABAA}.Debug|Any CPU.ActiveCfg = Debug|Any CPU
		{C5A54EF9-F4EF-4706-BB53-AB2D459AABAA}.Debug|Any CPU.Build.0 = Debug|Any CPU
		{C5A54EF9-F4EF-4706-BB53-AB2D459AABAA}.Release|Any CPU.ActiveCfg = Release|Any CPU
		{C5A54EF9-F4EF-4706-BB53-AB2D459AABAA}.Release|Any CPU.Build.0 = Release|Any CPU
		{8CE0B48D-5189-46B7-B566-9FFFCFFA6E44}.Debug|Any CPU.ActiveCfg = Debug|Any CPU
		{8CE0B48D-5189-46B7-B566-9FFFCFFA6E44}.Debug|Any CPU.Build.0 = Debug|Any CPU
		{8CE0B48D-5189-46B7-B566-9FFFCFFA6E44}.Release|Any CPU.ActiveCfg = Release|Any CPU
		{8CE0B48D-5189-46B7-B566-9FFFCFFA6E44}.Release|Any CPU.Build.0 = Release|Any CPU
		{6380DA6E-ECF4-4A2B-936F-AAF6C427E123}.Debug|Any CPU.ActiveCfg = Debug|Any CPU
		{6380DA6E-ECF4-4A2B-936F-AAF6C427E123}.Debug|Any CPU.Build.0 = Debug|Any CPU
		{6380DA6E-ECF4-4A2B-936F-AAF6C427E123}.Release|Any CPU.ActiveCfg = Release|Any CPU
		{6380DA6E-ECF4-4A2B-936F-AAF6C427E123}.Release|Any CPU.Build.0 = Release|Any CPU
		{4C43ED32-0BB6-4E71-ADEE-D54526CA8007}.Debug|Any CPU.ActiveCfg = Debug|Any CPU
		{4C43ED32-0BB6-4E71-ADEE-D54526CA8007}.Debug|Any CPU.Build.0 = Debug|Any CPU
		{4C43ED32-0BB6-4E71-ADEE-D54526CA8007}.Release|Any CPU.ActiveCfg = Release|Any CPU
		{4C43ED32-0BB6-4E71-ADEE-D54526CA8007}.Release|Any CPU.Build.0 = Release|Any CPU
		{C4C697C7-FA03-49DB-BAF0-4EB3039E1907}.Debug|Any CPU.ActiveCfg = Debug|Any CPU
		{C4C697C7-FA03-49DB-BAF0-4EB3039E1907}.Debug|Any CPU.Build.0 = Debug|Any CPU
		{C4C697C7-FA03-49DB-BAF0-4EB3039E1907}.Release|Any CPU.ActiveCfg = Release|Any CPU
		{C4C697C7-FA03-49DB-BAF0-4EB3039E1907}.Release|Any CPU.Build.0 = Release|Any CPU
		{00660124-8F00-4D2E-888A-90FCD1D3DAE3}.Debug|Any CPU.ActiveCfg = Debug|Any CPU
		{00660124-8F00-4D2E-888A-90FCD1D3DAE3}.Debug|Any CPU.Build.0 = Debug|Any CPU
		{00660124-8F00-4D2E-888A-90FCD1D3DAE3}.Release|Any CPU.ActiveCfg = Release|Any CPU
		{00660124-8F00-4D2E-888A-90FCD1D3DAE3}.Release|Any CPU.Build.0 = Release|Any CPU
		{1C339D62-6AF0-4B87-84B5-EE649893C971}.Debug|Any CPU.ActiveCfg = Debug|Any CPU
		{1C339D62-6AF0-4B87-84B5-EE649893C971}.Debug|Any CPU.Build.0 = Debug|Any CPU
		{1C339D62-6AF0-4B87-84B5-EE649893C971}.Release|Any CPU.ActiveCfg = Release|Any CPU
		{1C339D62-6AF0-4B87-84B5-EE649893C971}.Release|Any CPU.Build.0 = Release|Any CPU
		{2EAA871E-D642-4F0D-BC82-97E2D2167068}.Debug|Any CPU.ActiveCfg = Debug|Any CPU
		{2EAA871E-D642-4F0D-BC82-97E2D2167068}.Debug|Any CPU.Build.0 = Debug|Any CPU
		{2EAA871E-D642-4F0D-BC82-97E2D2167068}.Release|Any CPU.ActiveCfg = Release|Any CPU
		{2EAA871E-D642-4F0D-BC82-97E2D2167068}.Release|Any CPU.Build.0 = Release|Any CPU
		{C4C0C450-F315-460A-94E0-9CB87F606651}.Debug|Any CPU.ActiveCfg = Debug|Any CPU
		{C4C0C450-F315-460A-94E0-9CB87F606651}.Debug|Any CPU.Build.0 = Debug|Any CPU
		{C4C0C450-F315-460A-94E0-9CB87F606651}.Release|Any CPU.ActiveCfg = Release|Any CPU
		{C4C0C450-F315-460A-94E0-9CB87F606651}.Release|Any CPU.Build.0 = Release|Any CPU
		{D6D34536-7D27-41A2-A9D3-511E9E059B6D}.Debug|Any CPU.ActiveCfg = Debug|Any CPU
		{D6D34536-7D27-41A2-A9D3-511E9E059B6D}.Debug|Any CPU.Build.0 = Debug|Any CPU
		{D6D34536-7D27-41A2-A9D3-511E9E059B6D}.Release|Any CPU.ActiveCfg = Release|Any CPU
		{D6D34536-7D27-41A2-A9D3-511E9E059B6D}.Release|Any CPU.Build.0 = Release|Any CPU
	EndGlobalSection
EndGlobal
